
Microsoft Visual Studio Solution File, Format Version 12.00
# Visual Studio Version 16
VisualStudioVersion = 16.0.32510.428
MinimumVisualStudioVersion = 10.0.40219.1
Project("{FAE04EC0-301F-11D3-BF4B-00C04F79EFBC}") = "Car", "Car.csproj", "{4DFFF314-422B-4ABB-8924-C7B666CF2064}"
EndProject
Global
	GlobalSection(SolutionConfigurationPlatforms) = preSolution
		Debug|Any CPU = Debug|Any CPU
		Release|Any CPU = Release|Any CPU
	EndGlobalSection
	GlobalSection(ProjectConfigurationPlatforms) = postSolution
		{4DFFF314-422B-4ABB-8924-C7B666CF2064}.Debug|Any CPU.ActiveCfg = Debug|Any CPU
		{4DFFF314-422B-4ABB-8924-C7B666CF2064}.Debug|Any CPU.Build.0 = Debug|Any CPU
		{4DFFF314-422B-4ABB-8924-C7B666CF2064}.Release|Any CPU.ActiveCfg = Release|Any CPU
		{4DFFF314-422B-4ABB-8924-C7B666CF2064}.Release|Any CPU.Build.0 = Release|Any CPU
	EndGlobalSection
	GlobalSection(SolutionProperties) = preSolution
		HideSolutionNode = FALSE
	EndGlobalSection
	GlobalSection(ExtensibilityGlobals) = postSolution
		SolutionGuid = {A9553B26-5B6B-4A11-9E35-28EB4ACA620F}
	EndGlobalSection
EndGlobal
